{
  "name": "chrome-rss-notify",
  "version": "0.0.1",
  "lockfileVersion": 3,
  "requires": true,
  "packages": {
    "": {
      "name": "chrome-rss-notify",
      "version": "0.0.1",
      "license": "ISC",
      "dependencies": {
        "react": "^19.2.4",
        "tailwindcss": "^4.2.2"
      }
    },
    "node_modules/react": {
      "version": "19.2.4",
      "resolved": "https://registry.npmjs.org/react/-/react-19.2.4.tgz",
      "integrity": "sha512-9nfp2hYpCwOjAN+8TZFGhtWEwgvWHXqESH8qT89AT/lWklpLON22Lc8pEtnpsZz7VmawabSU0gCjnj8aC0euHQ==",
      "license": "MIT",
      "engines": {
        "node": ">=0.10.0"
      }
    },
    "node_modules/tailwindcss": {
      "version": "4.2.2",
      "resolved": "https://registry.npmjs.org/tailwindcss/-/tailwindcss-4.2.2.tgz",
      "integrity": "sha512-KWBIxs1Xb6NoLdMVqhbhgwZf2PGBpPEiwOqgI4pFIYbNTfBXiKYyWoTsXgBQ9WFg/OlhnvHaY+AEpW7wSmFo2Q==",
      "license": "MIT"
    }
  }
}
